// !$*UTF8*$!
{
	archiveVersion = 1;
	classes = {
	};
	objectVersion = 55;
	objects = {

/* Begin PBXBuildFile section */
		45CEDA802851F43C003F8867 /* AppDelegate.swift in Sources */ = {isa = PBXBuildFile; fileRef = 45CEDA7F2851F43C003F8867 /* AppDelegate.swift */; };
		45CEDA822851F43C003F8867 /* SceneDelegate.swift in Sources */ = {isa = PBXBuildFile; fileRef = 45CEDA812851F43C003F8867 /* SceneDelegate.swift */; };
		45CEDA842851F43C003F8867 /* ViewController.swift in Sources */ = {isa = PBXBuildFile; fileRef = 45CEDA832851F43C003F8867 /* ViewController.swift */; };
		45CEDA872851F43C003F8867 /* Main.storyboard in Resources */ = {isa = PBXBuildFile; fileRef = 45CEDA852851F43C003F8867 /* Main.storyboard */; };
		45CEDA892851F43E003F8867 /* Assets.xcassets in Resources */ = {isa = PBXBuildFile; fileRef = 45CEDA882851F43E003F8867 /* Assets.xcassets */; };
		45CEDA8C2851F43E003F8867 /* LaunchScreen.storyboard in Resources */ = {isa = PBXBuildFile; fileRef = 45CEDA8A2851F43E003F8867 /* LaunchScreen.storyboard */; };
		5FABF99132241DD02A62C639 /* Pods_sampleRx.framework in Frameworks */ = {isa = PBXBuildFile; fileRef = 012CCC858353C4B1169B3B8D /* Pods_sampleRx.framework */; };
/* End PBXBuildFile section */

/* Begin PBXFileReference section */
		012CCC858353C4B1169B3B8D /* Pods_sampleRx.framework */ = {isa = PBXFileReference; explicitFileType = wrapper.framework; includeInIndex = 0; path = Pods_sampleRx.framework; sourceTree = BUILT_PRODUCTS_DIR; };
		45CEDA7C2851F43C003F8867 /* sampleRx.app */ = {isa = PBXFileReference; explicitFileType = wrapper.application; includeInIndex = 0; path = sampleRx.app; sourceTree = BUILT_PRODUCTS_DIR; };
		45CEDA7F2851F43C003F8867 /* AppDelegate.swift */ = {isa = PBXFileReference; lastKnownFileType = sourcecode.swift; path = AppDelegate.swift; sourceTree = "<group>"; };
		45CEDA812851F43C003F8867 /* SceneDelegate.swift */ = {isa = PBXFileReference; lastKnownFileType = sourcecode.swift; path = SceneDelegate.swift; sourceTree = "<group>"; };
		45CEDA832851F43C003F8867 /* ViewController.swift */ = {isa = PBXFileReference; lastKnownFileType = sourcecode.swift; path = ViewController.swift; sourceTree = "<group>"; };
		45CEDA862851F43C003F8867 /* Base */ = {isa = PBXFileReference; lastKnownFileType = file.storyboard; name = Base; path = Base.lproj/Main.storyboard; sourceTree = "<group>"; };
		45CEDA882851F43E003F8867 /* Assets.xcassets */ = {isa = PBXFileReference; lastKnownFileType = folder.assetcatalog; path = Assets.xcassets; sourceTree = "<group>"; };
		45CEDA8B2851F43E003F8867 /* Base */ = {isa = PBXFileReference; lastKnownFileType = file.storyboard; name = Base; path = Base.lproj/LaunchScreen.storyboard; sourceTree = "<group>"; };
		45CEDA8D2851F43E003F8867 /* Info.plist */ = {isa = PBXFileReference; lastKnownFileType = text.plist.xml; path = Info.plist; sourceTree = "<group>"; };
		684FAF7CBB03AA6CD4772F81 /* Pods-sampleRx.release.xcconfig */ = {isa = PBXFileReference; includeInIndex = 1; lastKnownFileType = text.xcconfig; name = "Pods-sampleRx.release.xcconfig"; path = "Target Support Files/Pods-sampleRx/Pods-sampleRx.release.xcconfig"; sourceTree = "<group>"; };
		8C220AE6968DCFAFFA7B2EBD /* Pods-sampleRx.debug.xcconfig */ = {isa = PBXFileReference; includeInIndex = 1; lastKnownFileType = text.xcconfig; name = "Pods-sampleRx.debug.xcconfig"; path = "Target Support Files/Pods-sampleRx/Pods-sampleRx.debug.xcconfig"; sourceTree = "<group>"; };
/* End PBXFileReference section */

/* Begin PBXFrameworksBuildPhase section */
		45CEDA792851F43C003F8867 /* Frameworks */ = {
			isa = PBXFrameworksBuildPhase;
			buildActionMask = 2147483647;
			files = (
				5FABF99132241DD02A62C639 /* Pods_sampleRx.framework in Frameworks */,
			);
			runOnlyForDeploymentPostprocessing = 0;
		};
/* End PBXFrameworksBuildPhase section */

/* Begin PBXGroup section */
		45CEDA732851F43C003F8867 = {
			isa = PBXGroup;
			children = (
				45CEDA7E2851F43C003F8867 /* sampleRx */,
				45CEDA7D2851F43C003F8867 /* Products */,
				6DDD54A68754E8BE493477D3 /* Pods */,
				E71CDA9D73D1737E8BE70FAA /* Frameworks */,
			);
			sourceTree = "<group>";
		};
		45CEDA7D2851F43C003F8867 /* Products */ = {
			isa = PBXGroup;
			children = (
				45CEDA7C2851F43C003F8867 /* sampleRx.app */,
			);
			name = Products;
			sourceTree = "<group>";
		};
		45CEDA7E2851F43C003F8867 /* sampleRx */ = {
			isa = PBXGroup;
			children = (
				45CEDA7F2851F43C003F8867 /* AppDelegate.swift */,
				45CEDA812851F43C003F8867 /* SceneDelegate.swift */,
				45CEDA832851F43C003F8867 /* ViewController.swift */,
				45CEDA852851F43C003F8867 /* Main.storyboard */,
				45CEDA882851F43E003F8867 /* Assets.xcassets */,
				45CEDA8A2851F43E003F8867 /* LaunchScreen.storyboard */,
				45CEDA8D2851F43E003F8867 /* Info.plist */,
			);
			path = sampleRx;
			sourceTree = "<group>";
		};
		6DDD54A68754E8BE493477D3 /* Pods */ = {
			isa = PBXGroup;
			children = (
				8C220AE6968DCFAFFA7B2EBD /* Pods-sampleRx.debug.xcconfig */,
				684FAF7CBB03AA6CD4772F81 /* Pods-sampleRx.release.xcconfig */,
			);
			name = Pods;
			path = Pods;
			sourceTree = "<group>";
		};
		E71CDA9D73D1737E8BE70FAA /* Frameworks */ = {
			isa = PBXGroup;
			children = (
				012CCC858353C4B1169B3B8D /* Pods_sampleRx.framework */,
			);
			name = Frameworks;
			sourceTree = "<group>";
		};
/* End PBXGroup section */

/* Begin PBXNativeTarget section */
		45CEDA7B2851F43C003F8867 /* sampleRx */ = {
			isa = PBXNativeTarget;
			buildConfigurationList = 45CEDA902851F43E003F8867 /* Build configuration list for PBXNativeTarget "sampleRx" */;
			buildPhases = (
				249DF1271289A5AC4EBC8110 /* [CP] Check Pods Manifest.lock */,
				45CEDA782851F43C003F8867 /* Sources */,
				45CEDA792851F43C003F8867 /* Frameworks */,
				45CEDA7A2851F43C003F8867 /* Resources */,
				77F9CCAF96491C8F2D4C02D9 /* [CP] Embed Pods Frameworks */,
			);
			buildRules = (
			);
			dependencies = (
			);
			name = sampleRx;
			productName = sampleRx;
			productReference = 45CEDA7C2851F43C003F8867 /* sampleRx.app */;
			productType = "com.apple.product-type.application";
		};
/* End PBXNativeTarget section */

/* Begin PBXProject section */
		45CEDA742851F43C003F8867 /* Project object */ = {
			isa = PBXProject;
			attributes = {
				BuildIndependentTargetsInParallel = 1;
				LastSwiftUpdateCheck = 1330;
				LastUpgradeCheck = 1330;
				TargetAttributes = {
					45CEDA7B2851F43C003F8867 = {
						CreatedOnToolsVersion = 13.3;
					};
				};
			};
			buildConfigurationList = 45CEDA772851F43C003F8867 /* Build configuration list for PBXProject "sampleRx" */;
			compatibilityVersion = "Xcode 13.0";
			developmentRegion = en;
			hasScannedForEncodings = 0;
			knownRegions = (
				en,
				Base,
			);
			mainGroup = 45CEDA732851F43C003F8867;
			productRefGroup = 45CEDA7D2851F43C003F8867 /* Products */;
			projectDirPath = "";
			projectRoot = "";
			targets = (
				45CEDA7B2851F43C003F8867 /* sampleRx */,
			);
		};
/* End PBXProject section */

/* Begin PBXResourcesBuildPhase section */
		45CEDA7A2851F43C003F8867 /* Resources */ = {
			isa = PBXResourcesBuildPhase;
			buildActionMask = 2147483647;
			files = (
				45CEDA8C2851F43E003F8867 /* LaunchScreen.storyboard in Resources */,
				45CEDA892851F43E003F8867 /* Assets.xcassets in Resources */,
				45CEDA872851F43C003F8867 /* Main.storyboard in Resources */,
			);
			runOnlyForDeploymentPostprocessing = 0;
		};
/* End PBXResourcesBuildPhase section */

/* Begin PBXShellScriptBuildPhase section */
		249DF1271289A5AC4EBC8110 /* [CP] Check Pods Manifest.lock */ = {
			isa = PBXShellScriptBuildPhase;
			buildActionMask = 2147483647;
			files = (
			);
			inputFileListPaths = (
			);
			inputPaths = (
				"${PODS_PODFILE_DIR_PATH}/Podfile.lock",
				"${PODS_ROOT}/Manifest.lock",
			);
			name = "[CP] Check Pods Manifest.lock";
			outputFileListPaths = (
			);
			outputPaths = (
				"$(DERIVED_FILE_DIR)/Pods-sampleRx-checkManifestLockResult.txt",
			);
			runOnlyForDeploymentPostprocessing = 0;
			shellPath = /bin/sh;
			shellScript = "diff \"${PODS_PODFILE_DIR_PATH}/Podfile.lock\" \"${PODS_ROOT}/Manifest.lock\" > /dev/null\nif [ $? != 0 ] ; then\n    # print error to STDERR\n    echo \"error: The sandbox is not in sync with the Podfile.lock. Run 'pod install' or update your CocoaPods installation.\" >&2\n    exit 1\nfi\n# This output is used by Xcode 'outputs' to avoid re-running this script phase.\necho \"SUCCESS\" > \"${SCRIPT_OUTPUT_FILE_0}\"\n";
			showEnvVarsInLog = 0;
		};
		77F9CCAF96491C8F2D4C02D9 /* [CP] Embed Pods Frameworks */ = {
			isa = PBXShellScriptBuildPhase;
			buildActionMask = 2147483647;
			files = (
			);
			inputFileListPaths = (
				"${PODS_ROOT}/Target Support Files/Pods-sampleRx/Pods-sampleRx-frameworks-${CONFIGURATION}-input-files.xcfilelist",
			);
			name = "[CP] Embed Pods Frameworks";
			outputFileListPaths = (
				"${PODS_ROOT}/Target Support Files/Pods-sampleRx/Pods-sampleRx-frameworks-${CONFIGURATION}-output-files.xcfilelist",
			);
			runOnlyForDeploymentPostprocessing = 0;
			shellPath = /bin/sh;
			shellScript = "\"${PODS_ROOT}/Target Support Files/Pods-sampleRx/Pods-sampleRx-frameworks.sh\"\n";
			showEnvVarsInLog = 0;
		};
/* End PBXShellScriptBuildPhase section */

/* Begin PBXSourcesBuildPhase section */
		45CEDA782851F43C003F8867 /* Sources */ = {
			isa = PBXSourcesBuildPhase;
			buildActionMask = 2147483647;
			files = (
				45CEDA842851F43C003F8867 /* ViewController.swift in Sources */,
				45CEDA802851F43C003F8867 /* AppDelegate.swift in Sources */,
				45CEDA822851F43C003F8867 /* SceneDelegate.swift in Sources */,
			);
			runOnlyForDeploymentPostprocessing = 0;
		};
/* End PBXSourcesBuildPhase section */

/* Begin PBXVariantGroup section */
		45CEDA852851F43C003F8867 /* Main.storyboard */ = {
			isa = PBXVariantGroup;
			children = (
				45CEDA862851F43C003F8867 /* Base */,
			);
			name = Main.storyboard;
			sourceTree = "<group>";
		};
		45CEDA8A2851F43E003F8867 /* LaunchScreen.storyboard */ = {
			isa = PBXVariantGroup;
			children = (
				45CEDA8B2851F43E003F8867 /* Base */,
			);
			name = LaunchScreen.storyboard;
			sourceTree = "<group>";
		};
/* End PBXVariantGroup section */

/* Begin XCBuildConfiguration section */
		45CEDA8E2851F43E003F8867 /* Debug */ = {
			isa = XCBuildConfiguration;
			buildSettings = {
				ALWAYS_SEARCH_USER_PATHS = NO;
				CLANG_ANALYZER_NONNULL = YES;
				CLANG_ANALYZER_NUMBER_OBJECT_CONVERSION = YES_AGGRESSIVE;
				CLANG_CXX_LANGUAGE_STANDARD = "gnu++17";
				CLANG_ENABLE_MODULES = YES;
				CLANG_ENABLE_OBJC_ARC = YES;
				CLANG_ENABLE_OBJC_WEAK = YES;
				CLANG_WARN_BLOCK_CAPTURE_AUTORELEASING = YES;
				CLANG_WARN_BOOL_CONVERSION = YES;
				CLANG_WARN_COMMA = YES;
				CLANG_WARN_CONSTANT_CONVERSION = YES;
				CLANG_WARN_DEPRECATED_OBJC_IMPLEMENTATIONS = YES;
				CLANG_WARN_DIRECT_OBJC_ISA_USAGE = YES_ERROR;
				CLANG_WARN_DOCUMENTATION_COMMENTS = YES;
				CLANG_WARN_EMPTY_BODY = YES;
				CLANG_WARN_ENUM_CONVERSION = YES;
				CLANG_WARN_INFINITE_RECURSION = YES;
				CLANG_WARN_INT_CONVERSION = YES;
				CLANG_WARN_NON_LITERAL_NULL_CONVERSION = YES;
				CLANG_WARN_OBJC_IMPLICIT_RETAIN_SELF = YES;
				CLANG_WARN_OBJC_LITERAL_CONVERSION = YES;
				CLANG_WARN_OBJC_ROOT_CLASS = YES_ERROR;
				CLANG_WARN_QUOTED_INCLUDE_IN_FRAMEWORK_HEADER = YES;
				CLANG_WARN_RANGE_LOOP_ANALYSIS = YES;
				CLANG_WARN_STRICT_PROTOTYPES = YES;
				CLANG_WARN_SUSPICIOUS_MOVE = YES;
				CLANG_WARN_UNGUARDED_AVAILABILITY = YES_AGGRESSIVE;
				CLANG_WARN_UNREACHABLE_CODE = YES;
				CLANG_WARN__DUPLICATE_METHOD_MATCH = YES;
				COPY_PHASE_STRIP = NO;
				DEBUG_INFORMATION_FORMAT = dwarf;
				ENABLE_STRICT_OBJC_MSGSEND = YES;
				ENABLE_TESTABILITY = YES;
				GCC_C_LANGUAGE_STANDARD = gnu11;
				GCC_DYNAMIC_NO_PIC = NO;
				GCC_NO_COMMON_BLOCKS = YES;
				GCC_OPTIMIZATION_LEVEL = 0;
				GCC_PREPROCESSOR_DEFINITIONS = (
					"DEBUG=1",
					"$(inherited)",
				);
				GCC_WARN_64_TO_32_BIT_CONVERSION = YES;
				GCC_WARN_ABOUT_RETURN_TYPE = YES_ERROR;
				GCC_WARN_UNDECLARED_SELECTOR = YES;
				GCC_WARN_UNINITIALIZED_AUTOS = YES_AGGRESSIVE;
				GCC_WARN_UNUSED_FUNCTION = YES;
				GCC_WARN_UNUSED_VARIABLE = YES;
				IPHONEOS_DEPLOYMENT_TARGET = 15.4;
				MTL_ENABLE_DEBUG_INFO = INCLUDE_SOURCE;
				MTL_FAST_MATH = YES;
				ONLY_ACTIVE_ARCH = YES;
				SDKROOT = iphoneos;
				SWIFT_ACTIVE_COMPILATION_CONDITIONS = DEBUG;
				SWIFT_OPTIMIZATION_LEVEL = "-Onone";
			};
			name = Debug;
		};
		45CEDA8F2851F43E003F8867 /* Release */ = {
			isa = XCBuildConfiguration;
			buildSettings = {
				ALWAYS_SEARCH_USER_PATHS = NO;
				CLANG_ANALYZER_NONNULL = YES;
				CLANG_ANALYZER_NUMBER_OBJECT_CONVERSION = YES_AGGRESSIVE;
				CLANG_CXX_LANGUAGE_STANDARD = "gnu++17";
				CLANG_ENABLE_MODULES = YES;
				CLANG_ENABLE_OBJC_ARC = YES;
				CLANG_ENABLE_OBJC_WEAK = YES;
				CLANG_WARN_BLOCK_CAPTURE_AUTORELEASING = YES;
				CLANG_WARN_BOOL_CONVERSION = YES;
				CLANG_WARN_COMMA = YES;
				CLANG_WARN_CONSTANT_CONVERSION = YES;
				CLANG_WARN_DEPRECATED_OBJC_IMPLEMENTATIONS = YES;
				CLANG_WARN_DIRECT_OBJC_ISA_USAGE = YES_ERROR;
				CLANG_WARN_DOCUMENTATION_COMMENTS = YES;
				CLANG_WARN_EMPTY_BODY = YES;
				CLANG_WARN_ENUM_CONVERSION = YES;
				CLANG_WARN_INFINITE_RECURSION = YES;
				CLANG_WARN_INT_CONVERSION = YES;
				CLANG_WARN_NON_LITERAL_NULL_CONVERSION = YES;
				CLANG_WARN_OBJC_IMPLICIT_RETAIN_SELF = YES;
				CLANG_WARN_OBJC_LITERAL_CONVERSION = YES;
				CLANG_WARN_OBJC_ROOT_CLASS = YES_ERROR;
				CLANG_WARN_QUOTED_INCLUDE_IN_FRAMEWORK_HEADER = YES;
				CLANG_WARN_RANGE_LOOP_ANALYSIS = YES;
				CLANG_WARN_STRICT_PROTOTYPES = YES;
				CLANG_WARN_SUSPICIOUS_MOVE = YES;
				CLANG_WARN_UNGUARDED_AVAILABILITY = YES_AGGRESSIVE;
				CLANG_WARN_UNREACHABLE_CODE = YES;
				CLANG_WARN__DUPLICATE_METHOD_MATCH = YES;
				COPY_PHASE_STRIP = NO;
				DEBUG_INFORMATION_FORMAT = "dwarf-with-dsym";
				ENABLE_NS_ASSERTIONS = NO;
				ENABLE_STRICT_OBJC_MSGSEND = YES;
				GCC_C_LANGUAGE_STANDARD = gnu11;
				GCC_NO_COMMON_BLOCKS = YES;
				GCC_WARN_64_TO_32_BIT_CONVERSION = YES;
				GCC_WARN_ABOUT_RETURN_TYPE = YES_ERROR;
				GCC_WARN_UNDECLARED_SELECTOR = YES;
				GCC_WARN_UNINITIALIZED_AUTOS = YES_AGGRESSIVE;
				GCC_WARN_UNUSED_FUNCTION = YES;
				GCC_WARN_UNUSED_VARIABLE = YES;
				IPHONEOS_DEPLOYMENT_TARGET = 15.4;
				MTL_ENABLE_DEBUG_INFO = NO;
				MTL_FAST_MATH = YES;
				SDKROOT = iphoneos;
				SWIFT_COMPILATION_MODE = wholemodule;
				SWIFT_OPTIMIZATION_LEVEL = "-O";
				VALIDATE_PRODUCT = YES;
			};
			name = Release;
		};
		45CEDA912851F43E003F8867 /* Debug */ = {
			isa = XCBuildConfiguration;
			baseConfigurationReference = 8C220AE6968DCFAFFA7B2EBD /* Pods-sampleRx.debug.xcconfig */;
			buildSettings = {
				ASSETCATALOG_COMPILER_APPICON_NAME = AppIcon;
				ASSETCATALOG_COMPILER_GLOBAL_ACCENT_COLOR_NAME = AccentColor;
				CODE_SIGN_STYLE = Automatic;
				CURRENT_PROJECT_VERSION = 1;
				DEVELOPMENT_TEAM = RE4YFXSB23;
				GENERATE_INFOPLIST_FILE = YES;
				INFOPLIST_FILE = sampleRx/Info.plist;
				INFOPLIST_KEY_UIApplicationSupportsIndirectInputEvents = YES;
				INFOPLIST_KEY_UILaunchStoryboardName = LaunchScreen;
				INFOPLIST_KEY_UIMainStoryboardFile = Main;
				INFOPLIST_KEY_UISupportedInterfaceOrientations_iPad = "UIInterfaceOrientationPortrait UIInterfaceOrientationPortraitUpsideDown UIInterfaceOrientationLandscapeLeft UIInterfaceOrientationLandscapeRight";
				INFOPLIST_KEY_UISupportedInterfaceOrientations_iPhone = "UIInterfaceOrientationPortrait UIInterfaceOrientationLandscapeLeft UIInterfaceOrientationLandscapeRight";
				LD_RUNPATH_SEARCH_PATHS = (
					"$(inherited)",
					"@executable_path/Frameworks",
				);
				MARKETING_VERSION = 1.0;
				PRODUCT_BUNDLE_IDENTIFIER = com.glennposadas.example.sampleRx;
				PRODUCT_NAME = "$(TARGET_NAME)";
				SWIFT_EMIT_LOC_STRINGS = YES;
				SWIFT_VERSION = 5.0;
				TARGETED_DEVICE_FAMILY = "1,2";
			};
			name = Debug;
		};
		45CEDA922851F43E003F8867 /* Release */ = {
			isa = XCBuildConfiguration;
			baseConfigurationReference = 684FAF7CBB03AA6CD4772F81 /* Pods-sampleRx.release.xcconfig */;
			buildSettings = {
				ASSETCATALOG_COMPILER_APPICON_NAME = AppIcon;
				ASSETCATALOG_COMPILER_GLOBAL_ACCENT_COLOR_NAME = AccentColor;
				CODE_SIGN_STYLE = Automatic;
				CURRENT_PROJECT_VERSION = 1;
				DEVELOPMENT_TEAM = RE4YFXSB23;
				GENERATE_INFOPLIST_FILE = YES;
				INFOPLIST_FILE = sampleRx/Info.plist;
				INFOPLIST_KEY_UIApplicationSupportsIndirectInputEvents = YES;
				INFOPLIST_KEY_UILaunchStoryboardName = LaunchScreen;
				INFOPLIST_KEY_UIMainStoryboardFile = Main;
				INFOPLIST_KEY_UISupportedInterfaceOrientations_iPad = "UIInterfaceOrientationPortrait UIInterfaceOrientationPortraitUpsideDown UIInterfaceOrientationLandscapeLeft UIInterfaceOrientationLandscapeRight";
				INFOPLIST_KEY_UISupportedInterfaceOrientations_iPhone = "UIInterfaceOrientationPortrait UIInterfaceOrientationLandscapeLeft UIInterfaceOrientationLandscapeRight";
				LD_RUNPATH_SEARCH_PATHS = (
					"$(inherited)",
					"@executable_path/Frameworks",
				);
				MARKETING_VERSION = 1.0;
				PRODUCT_BUNDLE_IDENTIFIER = com.glennposadas.example.sampleRx;
				PRODUCT_NAME = "$(TARGET_NAME)";
				SWIFT_EMIT_LOC_STRINGS = YES;
				SWIFT_VERSION = 5.0;
				TARGETED_DEVICE_FAMILY = "1,2";
			};
			name = Release;
		};
/* End XCBuildConfiguration section */

/* Begin XCConfigurationList section */
		45CEDA772851F43C003F8867 /* Build configuration list for PBXProject "sampleRx" */ = {
			isa = XCConfigurationList;
			buildConfigurations = (
				45CEDA8E2851F43E003F8867 /* Debug */,
				45CEDA8F2851F43E003F8867 /* Release */,
			);
			defaultConfigurationIsVisible = 0;
			defaultConfigurationName = Release;
		};
		45CEDA902851F43E003F8867 /* Build configuration list for PBXNativeTarget "sampleRx" */ = {
			isa = XCConfigurationList;
			buildConfigurations = (
				45CEDA912851F43E003F8867 /* Debug */,
				45CEDA922851F43E003F8867 /* Release */,
			);
			defaultConfigurationIsVisible = 0;
			defaultConfigurationName = Release;
		};
/* End XCConfigurationList section */
	};
	rootObject = 45CEDA742851F43C003F8867 /* Project object */;
}
